
Microsoft Visual Studio Solution File, Format Version 12.00
# Visual Studio Version 17
VisualStudioVersion = 17.14.36518.9 d17.14
MinimumVisualStudioVersion = 10.0.40219.1
Project("{FAE04EC0-301F-11D3-BF4B-00C04F79EFBC}") = "SistemaCascata", "SistemaCascata\SistemaCascata.csproj", "{F47F3A0B-31E5-4CEB-A187-92DEAAE30CAE}"
EndProject
Global
	GlobalSection(SolutionConfigurationPlatforms) = preSolution
		Debug|Any CPU = Debug|Any CPU
		Release|Any CPU = Release|Any CPU
	EndGlobalSection
	GlobalSection(ProjectConfigurationPlatforms) = postSolution
		{F47F3A0B-31E5-4CEB-A187-92DEAAE30CAE}.Debug|Any CPU.ActiveCfg = Debug|Any CPU
		{F47F3A0B-31E5-4CEB-A187-92DEAAE30CAE}.Debug|Any CPU.Build.0 = Debug|Any CPU
		{F47F3A0B-31E5-4CEB-A187-92DEAAE30CAE}.Release|Any CPU.ActiveCfg = Release|Any CPU
		{F47F3A0B-31E5-4CEB-A187-92DEAAE30CAE}.Release|Any CPU.Build.0 = Release|Any CPU
	EndGlobalSection
	GlobalSection(SolutionProperties) = preSolution
		HideSolutionNode = FALSE
	EndGlobalSection
	GlobalSection(ExtensibilityGlobals) = postSolution
		SolutionGuid = {0F38C637-44D8-4C83-A913-26C6D523663A}
	EndGlobalSection
EndGlobal
